lockfileVersion: '9.0'

settings:
  autoInstallPeers: true
  excludeLinksFromLockfile: false

importers:

  .:
    dependencies:
      cesium:
        specifier: '>1.53.0'
        version: 1.131.0
      wind-core:
        specifier: ^1.0.0-alpha.10
        version: 1.1.8
    devDependencies:
      rollup:
        specifier: ^2.28.1
        version: 2.79.2
      rollup-plugin-commonjs:
        specifier: ^10.1.0
        version: 10.1.0(rollup@2.79.2)
      rollup-plugin-node-resolve:
        specifier: ^5.2.0
        version: 5.2.0(rollup@2.79.2)
      rollup-plugin-sourcemaps:
        specifier: ^0.6.2
        version: 0.6.3(@types/node@24.1.0)(rollup@2.79.2)

packages:

  '@cesium/engine@18.3.0':
    resolution: {integrity: sha512-ILNA1a+RX2gNsQGyF2zq27Ucaj5UMj19paYoJbKxX/U0QtxLuFUhJ2yg6wr2eBtC3X3kd475o7kAx0LpfCZxpg==}
    engines: {node: '>=20.19.0'}

  '@cesium/wasm-splats@0.1.0-alpha.2':
    resolution: {integrity: sha512-t9pMkknv31hhIbLpMa8yPvmqfpvs5UkUjgqlQv9SeO8VerCXOYnyP8/486BDaFrztM0A7FMbRjsXtNeKvqQghA==}

  '@cesium/widgets@12.3.0':
    resolution: {integrity: sha512-5Aa54lCrdywogY1ypOwRmRrb72LVrPvrOzOrcYeQ50DDZSs5hCxVXWecYYsq3qoeK0buA9wP/5TBWE7RlsV7OA==}
    engines: {node: '>=20.19.0'}

  '@protobufjs/aspromise@1.1.2':
    resolution: {integrity: sha512-j+gKExEuLmKwvz3OgROXtrJ2UG2x8Ch2YZUxahh+s1F2HZ+wAceUNLkvy6zKCPVRkU++ZWQrdxsUeQXmcg4uoQ==}

  '@protobufjs/base64@1.1.2':
    resolution: {integrity: sha512-AZkcAA5vnN/v4PDqKyMR5lx7hZttPDgClv83E//FMNhR2TMcLUhfRUBHCmSl0oi9zMgDDqRUJkSxO3wm85+XLg==}

  '@protobufjs/codegen@2.0.4':
    resolution: {integrity: sha512-YyFaikqM5sH0ziFZCN3xDC7zeGaB/d0IUb9CATugHWbd1FRFwWwt4ld4OYMPWu5a3Xe01mGAULCdqhMlPl29Jg==}

  '@protobufjs/eventemitter@1.1.0':
    resolution: {integrity: sha512-j9ednRT81vYJ9OfVuXG6ERSTdEL1xVsNgqpkxMsbIabzSo3goCjDIveeGv5d03om39ML71RdmrGNjG5SReBP/Q==}

  '@protobufjs/fetch@1.1.0':
    resolution: {integrity: sha512-lljVXpqXebpsijW71PZaCYeIcE5on1w5DlQy5WH6GLbFryLUrBD4932W/E2BSpfRJWseIL4v/KPgBFxDOIdKpQ==}

  '@protobufjs/float@1.0.2':
    resolution: {integrity: sha512-Ddb+kVXlXst9d+R9PfTIxh1EdNkgoRe5tOX6t01f1lYWOvJnSPDBlG241QLzcyPdoNTsblLUdujGSE4RzrTZGQ==}

  '@protobufjs/inquire@1.1.0':
    resolution: {integrity: sha512-kdSefcPdruJiFMVSbn801t4vFK7KB/5gd2fYvrxhuJYg8ILrmn9SKSX2tZdV6V+ksulWqS7aXjBcRXl3wHoD9Q==}

  '@protobufjs/path@1.1.2':
    resolution: {integrity: sha512-6JOcJ5Tm08dOHAbdR3GrvP+yUUfkjG5ePsHYczMFLq3ZmMkAD98cDgcT2iA1lJ9NVwFd4tH/iSSoe44YWkltEA==}

  '@protobufjs/pool@1.1.0':
    resolution: {integrity: sha512-0kELaGSIDBKvcgS4zkjz1PeddatrjYcmMWOlAuAPwAeccUrPHdUqo/J6LiymHHEiJT5NrF1UVwxY14f+fy4WQw==}

  '@protobufjs/utf8@1.1.0':
    resolution: {integrity: sha512-Vvn3zZrhQZkkBE8LSuW3em98c0FwgO4nxzv6OdSxPKJIEKY2bGbHn+mhGIPerzI4twdxaP8/0+06HBpwf345Lw==}

  '@rollup/pluginutils@3.1.0':
    resolution: {integrity: sha512-GksZ6pr6TpIjHm8h9lSQ8pi8BE9VeubNT0OMJ3B5uZJ8pz73NPiqOtCog/x2/QzM1ENChPKxMDhiQuRHsqc+lg==}
    engines: {node: '>= 8.0.0'}
    peerDependencies:
      rollup: ^1.20.0||^2.0.0

  '@spz-loader/core@0.1.0':
    resolution: {integrity: sha512-atqn/DLy0xNkqRgz3l/5CD12y1M44JdjTmAFQYDKvzf0pIyj+NlJ/PeCRlSJQfXmZ2JndNOCpcGOFVldANf/EA==}
    engines: {node: '>=16', pnpm: '>=8'}

  '@tweenjs/tween.js@25.0.0':
    resolution: {integrity: sha512-XKLA6syeBUaPzx4j3qwMqzzq+V4uo72BnlbOjmuljLrRqdsd3qnzvZZoxvMHZ23ndsRS4aufU6JOZYpCbU6T1A==}

  '@types/estree@0.0.39':
    resolution: {integrity: sha512-EYNwp3bU+98cpU4lAWYYL7Zz+2gryWH1qbdDTidVd6hkiR6weksdbMadyXKXNPEkQFhXM+hVO9ZygomHXp+AIw==}

  '@types/estree@1.0.8':
    resolution: {integrity: sha512-dWHzHa2WqEXI/O1E9OjrocMTKJl2mSrEolh1Iomrv6U+JuNwaHXsXx9bLu5gG7BUWFIN0skIQJQ/L1rIex4X6w==}

  '@types/node@24.1.0':
    resolution: {integrity: sha512-ut5FthK5moxFKH2T1CUOC6ctR67rQRvvHdFLCD2Ql6KXmMuCrjsSsRI9UsLCm9M18BMwClv4pn327UvB7eeO1w==}

  '@types/resolve@0.0.8':
    resolution: {integrity: sha512-auApPaJf3NPfe18hSoJkp8EbZzer2ISk7o8mCC3M9he/a04+gbMF97NkpD2S8riMGvm4BMRI59/SZQSaLTKpsQ==}

  '@types/trusted-types@2.0.7':
    resolution: {integrity: sha512-ScaPdn1dQczgbl0QFTeTOmVHFULt394XJgOQNoyVhZ6r2vLnMLJfBPd53SB52T/3G36VI1/g2MZaX0cwDuXsfw==}

  '@zip.js/zip.js@2.7.70':
    resolution: {integrity: sha512-GkUtNfhrfR90xurdCUtFI6yDqlTI70dMolOZuyDAVNxvgn0uv8qvoGzbyYWcfkfTYBKNR4NJs6poQE/cr1pW3A==}
    engines: {bun: '>=0.7.0', deno: '>=1.0.0', node: '>=16.5.0'}

  atob@2.1.2:
    resolution: {integrity: sha512-Wm6ukoaOGJi/73p/cl2GvLjTI5JM1k/O14isD73YML8StrH/7/lRFgmg8nICZgD3bZZvjwCGxtMOD3wWNAu8cg==}
    engines: {node: '>= 4.5.0'}
    hasBin: true

  autolinker@4.1.5:
    resolution: {integrity: sha512-vEfYZPmvVOIuE567XBVCsx8SBgOYtjB2+S1iAaJ+HgH+DNjAcrHem2hmAeC9yaNGWayicv4yR+9UaJlkF3pvtw==}
    engines: {pnpm: '>=10.10.0'}

  bitmap-sdf@1.0.4:
    resolution: {integrity: sha512-1G3U4n5JE6RAiALMxu0p1XmeZkTeCwGKykzsLTCqVzfSDaN6S7fKnkIkfejogz+iwqBWc0UYAIKnKHNN7pSfDg==}

  builtin-modules@3.3.0:
    resolution: {integrity: sha512-zhaCDicdLuWN5UbN5IMnFqNMhNfo919sH85y2/ea+5Yg9TsTkeZxpL+JLbp6cgYFS4sRLp3YV4S6yDuqVWHYOw==}
    engines: {node: '>=6'}

  cesium@1.131.0:
    resolution: {integrity: sha512-4OVlpds2TR6elsHLfVAp5FOqxjNbvKA7Ff5n3yuwDBFKgYgc6JErbpBSjY31pBI2ZJSWhKLknCNjrTR8FlVTFg==}
    engines: {node: '>=20.19.0'}

  commander@2.20.3:
    resolution: {integrity: sha512-GpVkmM8vF2vQUkj2LvZmD35JxeJOLCwJ9cUkugyk2nuhbv3+mJvpLYYt+0+USMxE+oj+ey/lJEnhZw75x/OMcQ==}

  decode-uri-component@0.2.2:
    resolution: {integrity: sha512-FqUYQ+8o158GyGTrMFJms9qh3CqTKvAqgqsTnkLI8sKu0028orqBhxNMFkFen0zGyg6epACD32pjVk58ngIErQ==}
    engines: {node: '>=0.10'}

  dompurify@3.2.6:
    resolution: {integrity: sha512-/2GogDQlohXPZe6D6NOgQvXLPSYBqIWMnZ8zzOhn09REE4eyAzb+Hed3jhoM9OkuaJ8P6ZGTTVWQKAi8ieIzfQ==}

  draco3d@1.5.7:
    resolution: {integrity: sha512-m6WCKt/erDXcw+70IJXnG7M3awwQPAsZvJGX5zY7beBqpELw6RDGkYVU0W43AFxye4pDZ5i2Lbyc/NNGqwjUVQ==}

  earcut@3.0.2:
    resolution: {integrity: sha512-X7hshQbLyMJ/3RPhyObLARM2sNxxmRALLKx1+NVFFnQ9gKzmCrxm9+uLIAdBcvc8FNLpctqlQ2V6AE92Ol9UDQ==}

  estree-walker@0.6.1:
    resolution: {integrity: sha512-SqmZANLWS0mnatqbSfRP5g8OXZC12Fgg1IwNtLsyHDzJizORW4khDfjPqJZsemPWBB2uqykUah5YpQ6epsqC/w==}

  estree-walker@1.0.1:
    resolution: {integrity: sha512-1fMXF3YP4pZZVozF8j/ZLfvnR8NSIljt56UhbZ5PeeDmmGHpgpdwQt7ITlGvYaQukCvuBRMLEiKiYC+oeIg4cg==}

  fsevents@2.3.3:
    resolution: {integrity: sha512-5xoDfX+fL7faATnagmWPpbFtwh/R77WmMMqqHGS65C3vvB0YHrgF+B1YmZ3441tMj5n63k0212XNoJwzlhffQw==}
    engines: {node: ^8.16.0 || ^10.6.0 || >=11.0.0}
    os: [darwin]

  function-bind@1.1.2:
    resolution: {integrity: sha512-7XHNxH7qX9xG5mIwxkhumTox/MIRNcOgDrxWsMt2pAr23WHp6MrRlN7FBSFpCpr+oVO0F744iUgR82nJMfG2SA==}

  grapheme-splitter@1.0.4:
    resolution: {integrity: sha512-bzh50DW9kTPM00T8y4o8vQg89Di9oLJVLW/KaOGIXJWP/iqCN6WKYkbNOF04vFLJhwcpYUh9ydh/+5vpOqV4YQ==}

  hasown@2.0.2:
    resolution: {integrity: sha512-0hJU9SCPvmMzIBdZFqNPXWa6dqh7WdH0cII9y+CyS8rG3nL48Bclra9HmKhVVUHyPWNH5Y7xDwAB7bfgSjkUMQ==}
    engines: {node: '>= 0.4'}

  is-core-module@2.16.1:
    resolution: {integrity: sha512-UfoeMA6fIJ8wTYFEUjelnaGI67v6+N7qXJEvQuIGa99l4xsCruSYOVSQ0uPANn4dAzm8lkYPaKLrrijLq7x23w==}
    engines: {node: '>= 0.4'}

  is-module@1.0.0:
    resolution: {integrity: sha512-51ypPSPCoTEIN9dy5Oy+h4pShgJmPCygKfyRCISBI+JoWT/2oJvK8QPxmwv7b/p239jXrm9M1mlQbyKJ5A152g==}

  is-reference@1.2.1:
    resolution: {integrity: sha512-U82MsXXiFIrjCK4otLT+o2NA2Cd2g5MLoOVXUZjIOhLurrRxpEXzI8O0KZHr3IjLvlAH1kTPYSuqer5T9ZVBKQ==}

  jsep@1.4.0:
    resolution: {integrity: sha512-B7qPcEVE3NVkmSJbaYxvv4cHkVW7DQsZz13pUMrfS8z8Q/BuShN+gcTXrUlPiGqM2/t/EEaI030bpxMqY8gMlw==}
    engines: {node: '>= 10.16.0'}

  kdbush@4.0.2:
    resolution: {integrity: sha512-WbCVYJ27Sz8zi9Q7Q0xHC+05iwkm3Znipc2XTlrnJbsHMYktW4hPhXUE8Ys1engBrvffoSCqbil1JQAa7clRpA==}

  ktx-parse@1.0.1:
    resolution: {integrity: sha512-djwUWv/82Xc8LOVinJU4EBrVqYkO8OsUDSPEtY/OOVY8BSe3DMU7D7PlIAZ0pI7ZZtErj7mqpJcgffUTABvgaA==}

  lerc@2.0.0:
    resolution: {integrity: sha512-7qo1Mq8ZNmaR4USHHm615nEW2lPeeWJ3bTyoqFbd35DLx0LUH7C6ptt5FDCTAlbIzs3+WKrk5SkJvw8AFDE2hg==}

  long@5.3.2:
    resolution: {integrity: sha512-mNAgZ1GmyNhD7AuqnTG3/VQ26o760+ZYBPKjPvugO8+nLbYfX6TVpJPseBvopbdY+qpZ/lKUnmEc1LeZYS3QAA==}

  magic-string@0.25.9:
    resolution: {integrity: sha512-RmF0AsMzgt25qzqqLc1+MbHmhdx0ojF2Fvs4XnOqz2ZOBXzzkEwc/dJQZCYHAn7v1jbVOjAZfK8msRn4BxO4VQ==}

  mersenne-twister@1.1.0:
    resolution: {integrity: sha512-mUYWsMKNrm4lfygPkL3OfGzOPTR2DBlTkBNHM//F6hGp8cLThY897crAlk3/Jo17LEOOjQUrNAx6DvgO77QJkA==}

  meshoptimizer@0.24.0:
    resolution: {integrity: sha512-Iq/8cM5cK2B0P0QdKHexr30zEJn5sQxjXKtQJGp6LO7r1VUPwhgxau18pvybVDnEDsKE49GdlJYwqPX9A/P9Sw==}

  nosleep.js@0.12.0:
    resolution: {integrity: sha512-9d1HbpKLh3sdWlhXMhU6MMH+wQzKkrgfRkYV0EBdvt99YJfj0ilCJrWRDYG2130Tm4GXbEoTCx5b34JSaP+HhA==}

  pako@2.1.0:
    resolution: {integrity: sha512-w+eufiZ1WuJYgPXbV/PO3NCMEc3xqylkKHzp8bxp1uW4qaSNQUkwmLLEc3kKsfz8lpV1F8Ht3U1Cm+9Srog2ug==}

  path-parse@1.0.7:
    resolution: {integrity: sha512-LDJzPVEEEPR+y48z93A0Ed0yXb8pAByGWo/k5YYdYgpY2/2EsOsksJrq7lOHxryrVOn1ejG6oAp8ahvOIQD8sw==}

  picomatch@2.3.1:
    resolution: {integrity: sha512-JU3teHTNjmE2VCGFzuY8EXzCDVwEqB2a8fsIvwaStHhAWJEeVd1o1QD80CU6+ZdEXXSLbSsuLwJjkCBWqRQUVA==}
    engines: {node: '>=8.6'}

  protobufjs@7.5.3:
    resolution: {integrity: sha512-sildjKwVqOI2kmFDiXQ6aEB0fjYTafpEvIBs8tOR8qI4spuL9OPROLVu2qZqi/xgCfsHIwVqlaF8JBjWFHnKbw==}
    engines: {node: '>=12.0.0'}

  quickselect@3.0.0:
    resolution: {integrity: sha512-XdjUArbK4Bm5fLLvlm5KpTFOiOThgfWWI4axAZDWg4E/0mKdZyI9tNEfds27qCi1ze/vwTR16kvmmGhRra3c2g==}

  rbush@4.0.1:
    resolution: {integrity: sha512-IP0UpfeWQujYC8Jg162rMNc01Rf0gWMMAb2Uxus/Q0qOFw4lCcq6ZnQEZwUoJqWyUGJ9th7JjwI4yIWo+uvoAQ==}

  resolve@1.22.10:
    resolution: {integrity: sha512-NPRy+/ncIMeDlTAsuqwKIiferiawhefFJtkNSW0qZJEqMEb+qBt/77B/jGeeek+F0uOeN05CDa6HXbbIgtVX4w==}
    engines: {node: '>= 0.4'}
    hasBin: true

  rollup-plugin-commonjs@10.1.0:
    resolution: {integrity: sha512-jlXbjZSQg8EIeAAvepNwhJj++qJWNJw1Cl0YnOqKtP5Djx+fFGkp3WRh+W0ASCaFG5w1jhmzDxgu3SJuVxPF4Q==}
    deprecated: This package has been deprecated and is no longer maintained. Please use @rollup/plugin-commonjs.
    peerDependencies:
      rollup: '>=1.12.0'

  rollup-plugin-node-resolve@5.2.0:
    resolution: {integrity: sha512-jUlyaDXts7TW2CqQ4GaO5VJ4PwwaV8VUGA7+km3n6k6xtOEacf61u0VXwN80phY/evMcaS+9eIeJ9MOyDxt5Zw==}
    deprecated: This package has been deprecated and is no longer maintained. Please use @rollup/plugin-node-resolve.
    peerDependencies:
      rollup: '>=1.11.0'

  rollup-plugin-sourcemaps@0.6.3:
    resolution: {integrity: sha512-paFu+nT1xvuO1tPFYXGe+XnQvg4Hjqv/eIhG8i5EspfYYPBKL57X7iVbfv55aNVASg3dzWvES9dmWsL2KhfByw==}
    engines: {node: '>=10.0.0'}
    peerDependencies:
      '@types/node': '>=10.0.0'
      rollup: '>=0.31.2'
    peerDependenciesMeta:
      '@types/node':
        optional: true

  rollup-pluginutils@2.8.2:
    resolution: {integrity: sha512-EEp9NhnUkwY8aif6bxgovPHMoMoNr2FulJziTndpt5H9RdwC47GSGuII9XxpSdzVGM0GWrNPHV6ie1LTNJPaLQ==}

  rollup@2.79.2:
    resolution: {integrity: sha512-fS6iqSPZDs3dr/y7Od6y5nha8dW1YnbgtsyotCVvoFGKbERG++CVRFv1meyGDE1SNItQA8BrnCw7ScdAhRJ3XQ==}
    engines: {node: '>=10.0.0'}
    hasBin: true

  source-map-resolve@0.6.0:
    resolution: {integrity: sha512-KXBr9d/fO/bWo97NXsPIAW1bFSBOuCnjbNTBMO7N59hsv5i9yzRDfcYwwt0l04+VqnKC+EwzvJZIP/qkuMgR/w==}
    deprecated: See https://github.com/lydell/source-map-resolve#deprecated

  sourcemap-codec@1.4.8:
    resolution: {integrity: sha512-9NykojV5Uih4lgo5So5dtw+f0JgJX30KCNI8gwhz2J9A15wD0Ml6tjHKwf6fTSa6fAdVBdZeNOs9eJ71qCk8vA==}
    deprecated: Please use @jridgewell/sourcemap-codec instead

  supports-preserve-symlinks-flag@1.0.0:
    resolution: {integrity: sha512-ot0WnXS9fgdkgIcePe6RHNk1WA8+muPa6cSjeR3V8K27q9BB1rTE3R1p7Hv0z1ZyAc8s6Vvv8DIyWf681MAt0w==}
    engines: {node: '>= 0.4'}

  topojson-client@3.1.0:
    resolution: {integrity: sha512-605uxS6bcYxGXw9qi62XyrV6Q3xwbndjachmNxu8HWTtVPxZfEJN9fd/SZS1Q54Sn2y0TMyMxFj/cJINqGHrKw==}
    hasBin: true

  tslib@2.8.1:
    resolution: {integrity: sha512-oJFu94HQb+KVduSUQL7wnpmqnfmLsOA/nAh6b6EH0wCEoK0/mPeXU6c3wKDV83MkOuHPRHtSXKKU99IBazS/2w==}

  undici-types@7.8.0:
    resolution: {integrity: sha512-9UJ2xGDvQ43tYyVMpuHlsgApydB8ZKfVYTsLDhXkFL/6gfkp+U8xTGdh8pMJv1SpZna0zxG1DwsKZsreLbXBxw==}

  urijs@1.19.11:
    resolution: {integrity: sha512-HXgFDgDommxn5/bIv0cnQZsPhHDA90NPHD6+c/v21U5+Sx5hoP8+dP9IZXBU1gIfvdRfhG8cel9QNPeionfcCQ==}

  wind-core@1.1.8:
    resolution: {integrity: sha512-mxnkLXkZ4hcoGsRBkBsP0TyCnTDAslbMMmInklKWnDKzkRJ/nkyxGOGG+06i+ta+PihEKCV3zTZMdGlMD9orZQ==}

snapshots:

  '@cesium/engine@18.3.0':
    dependencies:
      '@cesium/wasm-splats': 0.1.0-alpha.2
      '@spz-loader/core': 0.1.0
      '@tweenjs/tween.js': 25.0.0
      '@zip.js/zip.js': 2.7.70
      autolinker: 4.1.5
      bitmap-sdf: 1.0.4
      dompurify: 3.2.6
      draco3d: 1.5.7
      earcut: 3.0.2
      grapheme-splitter: 1.0.4
      jsep: 1.4.0
      kdbush: 4.0.2
      ktx-parse: 1.0.1
      lerc: 2.0.0
      mersenne-twister: 1.1.0
      meshoptimizer: 0.24.0
      pako: 2.1.0
      protobufjs: 7.5.3
      rbush: 4.0.1
      topojson-client: 3.1.0
      urijs: 1.19.11

  '@cesium/wasm-splats@0.1.0-alpha.2': {}

  '@cesium/widgets@12.3.0':
    dependencies:
      '@cesium/engine': 18.3.0
      nosleep.js: 0.12.0

  '@protobufjs/aspromise@1.1.2': {}

  '@protobufjs/base64@1.1.2': {}

  '@protobufjs/codegen@2.0.4': {}

  '@protobufjs/eventemitter@1.1.0': {}

  '@protobufjs/fetch@1.1.0':
    dependencies:
      '@protobufjs/aspromise': 1.1.2
      '@protobufjs/inquire': 1.1.0

  '@protobufjs/float@1.0.2': {}

  '@protobufjs/inquire@1.1.0': {}

  '@protobufjs/path@1.1.2': {}

  '@protobufjs/pool@1.1.0': {}

  '@protobufjs/utf8@1.1.0': {}

  '@rollup/pluginutils@3.1.0(rollup@2.79.2)':
    dependencies:
      '@types/estree': 0.0.39
      estree-walker: 1.0.1
      picomatch: 2.3.1
      rollup: 2.79.2

  '@spz-loader/core@0.1.0': {}

  '@tweenjs/tween.js@25.0.0': {}

  '@types/estree@0.0.39': {}

  '@types/estree@1.0.8': {}

  '@types/node@24.1.0':
    dependencies:
      undici-types: 7.8.0

  '@types/resolve@0.0.8':
    dependencies:
      '@types/node': 24.1.0

  '@types/trusted-types@2.0.7':
    optional: true

  '@zip.js/zip.js@2.7.70': {}

  atob@2.1.2: {}

  autolinker@4.1.5:
    dependencies:
      tslib: 2.8.1

  bitmap-sdf@1.0.4: {}

  builtin-modules@3.3.0: {}

  cesium@1.131.0:
    dependencies:
      '@cesium/engine': 18.3.0
      '@cesium/widgets': 12.3.0

  commander@2.20.3: {}

  decode-uri-component@0.2.2: {}

  dompurify@3.2.6:
    optionalDependencies:
      '@types/trusted-types': 2.0.7

  draco3d@1.5.7: {}

  earcut@3.0.2: {}

  estree-walker@0.6.1: {}

  estree-walker@1.0.1: {}

  fsevents@2.3.3:
    optional: true

  function-bind@1.1.2: {}

  grapheme-splitter@1.0.4: {}

  hasown@2.0.2:
    dependencies:
      function-bind: 1.1.2

  is-core-module@2.16.1:
    dependencies:
      hasown: 2.0.2

  is-module@1.0.0: {}

  is-reference@1.2.1:
    dependencies:
      '@types/estree': 1.0.8

  jsep@1.4.0: {}

  kdbush@4.0.2: {}

  ktx-parse@1.0.1: {}

  lerc@2.0.0: {}

  long@5.3.2: {}

  magic-string@0.25.9:
    dependencies:
      sourcemap-codec: 1.4.8

  mersenne-twister@1.1.0: {}

  meshoptimizer@0.24.0: {}

  nosleep.js@0.12.0: {}

  pako@2.1.0: {}

  path-parse@1.0.7: {}

  picomatch@2.3.1: {}

  protobufjs@7.5.3:
    dependencies:
      '@protobufjs/aspromise': 1.1.2
      '@protobufjs/base64': 1.1.2
      '@protobufjs/codegen': 2.0.4
      '@protobufjs/eventemitter': 1.1.0
      '@protobufjs/fetch': 1.1.0
      '@protobufjs/float': 1.0.2
      '@protobufjs/inquire': 1.1.0
      '@protobufjs/path': 1.1.2
      '@protobufjs/pool': 1.1.0
      '@protobufjs/utf8': 1.1.0
      '@types/node': 24.1.0
      long: 5.3.2

  quickselect@3.0.0: {}

  rbush@4.0.1:
    dependencies:
      quickselect: 3.0.0

  resolve@1.22.10:
    dependencies:
      is-core-module: 2.16.1
      path-parse: 1.0.7
      supports-preserve-symlinks-flag: 1.0.0

  rollup-plugin-commonjs@10.1.0(rollup@2.79.2):
    dependencies:
      estree-walker: 0.6.1
      is-reference: 1.2.1
      magic-string: 0.25.9
      resolve: 1.22.10
      rollup: 2.79.2
      rollup-pluginutils: 2.8.2

  rollup-plugin-node-resolve@5.2.0(rollup@2.79.2):
    dependencies:
      '@types/resolve': 0.0.8
      builtin-modules: 3.3.0
      is-module: 1.0.0
      resolve: 1.22.10
      rollup: 2.79.2
      rollup-pluginutils: 2.8.2

  rollup-plugin-sourcemaps@0.6.3(@types/node@24.1.0)(rollup@2.79.2):
    dependencies:
      '@rollup/pluginutils': 3.1.0(rollup@2.79.2)
      rollup: 2.79.2
      source-map-resolve: 0.6.0
    optionalDependencies:
      '@types/node': 24.1.0

  rollup-pluginutils@2.8.2:
    dependencies:
      estree-walker: 0.6.1

  rollup@2.79.2:
    optionalDependencies:
      fsevents: 2.3.3

  source-map-resolve@0.6.0:
    dependencies:
      atob: 2.1.2
      decode-uri-component: 0.2.2

  sourcemap-codec@1.4.8: {}

  supports-preserve-symlinks-flag@1.0.0: {}

  topojson-client@3.1.0:
    dependencies:
      commander: 2.20.3

  tslib@2.8.1: {}

  undici-types@7.8.0: {}

  urijs@1.19.11: {}

  wind-core@1.1.8: {}
